
Microsoft Visual Studio Solution File, Format Version 11.00
# Visual Studio 2010
Project("{2150E333-8FDC-42A3-9474-1A3956D46DE8}") = "Dependencies", "Dependencies", "{E1D9E2C2-9B1D-4AAB-9211-E808D1E3E052}"
	ProjectSection(SolutionItems) = preProject
		Dependencies\Castle.Components.Binder.dll = Dependencies\Castle.Components.Binder.dll
		Dependencies\Castle.Components.Binder.xml = Dependencies\Castle.Components.Binder.xml
		Dependencies\Castle.Components.Common.EmailSender.dll = Dependencies\Castle.Components.Common.EmailSender.dll
		Dependencies\Castle.Components.Common.EmailSender.xml = Dependencies\Castle.Components.Common.EmailSender.xml
		Dependencies\Castle.Components.Common.TemplateEngine.dll = Dependencies\Castle.Components.Common.TemplateEngine.dll
		Dependencies\Castle.Components.Common.TemplateEngine.NVelocityTemplateEngine.dll = Dependencies\Castle.Components.Common.TemplateEngine.NVelocityTemplateEngine.dll
		Dependencies\Castle.Components.Common.TemplateEngine.NVelocityTemplateEngine.xml = Dependencies\Castle.Components.Common.TemplateEngine.NVelocityTemplateEngine.xml
		Dependencies\Castle.Components.Common.TemplateEngine.xml = Dependencies\Castle.Components.Common.TemplateEngine.xml
		Dependencies\Castle.Components.Validator.dll = Dependencies\Castle.Components.Validator.dll
		Dependencies\Castle.Components.Validator.xml = Dependencies\Castle.Components.Validator.xml
		Dependencies\Castle.Core.dll = Dependencies\Castle.Core.dll
		Dependencies\Castle.Core.xml = Dependencies\Castle.Core.xml
		Dependencies\Castle.DynamicProxy2.dll = Dependencies\Castle.DynamicProxy2.dll
		Dependencies\Castle.DynamicProxy2.xml = Dependencies\Castle.DynamicProxy2.xml
		Dependencies\Castle.Facilities.Logging.dll = Dependencies\Castle.Facilities.Logging.dll
		Dependencies\Castle.Facilities.Logging.xml = Dependencies\Castle.Facilities.Logging.xml
		Dependencies\Castle.MicroKernel.dll = Dependencies\Castle.MicroKernel.dll
		Dependencies\Castle.MicroKernel.xml = Dependencies\Castle.MicroKernel.xml
		Dependencies\Castle.MonoRail.Framework.dll = Dependencies\Castle.MonoRail.Framework.dll
		Dependencies\Castle.MonoRail.Framework.Views.NVelocity.dll = Dependencies\Castle.MonoRail.Framework.Views.NVelocity.dll
		Dependencies\Castle.MonoRail.Framework.Views.NVelocity.xml = Dependencies\Castle.MonoRail.Framework.Views.NVelocity.xml
		Dependencies\Castle.MonoRail.Framework.xml = Dependencies\Castle.MonoRail.Framework.xml
		Dependencies\Castle.MonoRail.JSONSupport.dll = Dependencies\Castle.MonoRail.JSONSupport.dll
		Dependencies\Castle.MonoRail.WindsorExtension.dll = Dependencies\Castle.MonoRail.WindsorExtension.dll
		Dependencies\Castle.MonoRail.WindsorExtension.xml = Dependencies\Castle.MonoRail.WindsorExtension.xml
		Dependencies\Castle.Services.Logging.Log4netIntegration.dll = Dependencies\Castle.Services.Logging.Log4netIntegration.dll
		Dependencies\Castle.Services.Logging.Log4netIntegration.xml = Dependencies\Castle.Services.Logging.Log4netIntegration.xml
		Dependencies\Castle.Windsor.dll = Dependencies\Castle.Windsor.dll
		Dependencies\Castle.Windsor.xml = Dependencies\Castle.Windsor.xml
		Dependencies\log4net.dll = Dependencies\log4net.dll
		Dependencies\log4net.xml = Dependencies\log4net.xml
		Dependencies\Newtonsoft.Json.dll = Dependencies\Newtonsoft.Json.dll
		Dependencies\Newtonsoft.Json.XML = Dependencies\Newtonsoft.Json.XML
		Dependencies\nunit.framework.dll = Dependencies\nunit.framework.dll
		Dependencies\NVelocity.dll = Dependencies\NVelocity.dll
		Dependencies\NVelocity.xml = Dependencies\NVelocity.xml
	EndProjectSection
EndProject
Project("{FAE04EC0-301F-11D3-BF4B-00C04F79EFBC}") = "MonoRailTemplate.Web", "MonoRailTemplate.Web\MonoRailTemplate.Web.csproj", "{D7990EEC-B494-48E0-BF4A-37DBCABEBCC7}"
EndProject
Global
	GlobalSection(SolutionConfigurationPlatforms) = preSolution
		Debug|Any CPU = Debug|Any CPU
		Release|Any CPU = Release|Any CPU
	EndGlobalSection
	GlobalSection(ProjectConfigurationPlatforms) = postSolution
		{D7990EEC-B494-48E0-BF4A-37DBCABEBCC7}.Debug|Any CPU.ActiveCfg = Debug|Any CPU
		{D7990EEC-B494-48E0-BF4A-37DBCABEBCC7}.Debug|Any CPU.Build.0 = Debug|Any CPU
		{D7990EEC-B494-48E0-BF4A-37DBCABEBCC7}.Release|Any CPU.ActiveCfg = Release|Any CPU
		{D7990EEC-B494-48E0-BF4A-37DBCABEBCC7}.Release|Any CPU.Build.0 = Release|Any CPU
	EndGlobalSection
	GlobalSection(SolutionProperties) = preSolution
		HideSolutionNode = FALSE
	EndGlobalSection
EndGlobal
